
Microsoft Visual Studio Solution File, Format Version 12.00
# Visual Studio Version 17
VisualStudioVersion = 17.10.35013.160
MinimumVisualStudioVersion = 10.0.40219.1
Project("{FAE04EC0-301F-11D3-BF4B-00C04F79EFBC}") = "Day6_OOP_Overloading", "Day6_OOP_Overloading\Day6_OOP_Overloading.csproj", "{08DFD883-1626-4E83-BBC3-5EC7EC381EE0}"
EndProject
Project("{FAE04EC0-301F-11D3-BF4B-00C04F79EFBC}") = "ClassLibrary1", "ClassLibrary1\ClassLibrary1.csproj", "{092F5CC6-5759-4F30-BC68-40CA6EB13EE2}"
EndProject
Global
	GlobalSection(SolutionConfigurationPlatforms) = preSolution
		Debug|Any CPU = Debug|Any CPU
		Release|Any CPU = Release|Any CPU
	EndGlobalSection
	GlobalSection(ProjectConfigurationPlatforms) = postSolution
		{08DFD883-1626-4E83-BBC3-5EC7EC381EE0}.Debug|Any CPU.ActiveCfg = Debug|Any CPU
		{08DFD883-1626-4E83-BBC3-5EC7EC381EE0}.Debug|Any CPU.Build.0 = Debug|Any CPU
		{08DFD883-1626-4E83-BBC3-5EC7EC381EE0}.Release|Any CPU.ActiveCfg = Release|Any CPU
		{08DFD883-1626-4E83-BBC3-5EC7EC381EE0}.Release|Any CPU.Build.0 = Release|Any CPU
		{092F5CC6-5759-4F30-BC68-40CA6EB13EE2}.Debug|Any CPU.ActiveCfg = Debug|Any CPU
		{092F5CC6-5759-4F30-BC68-40CA6EB13EE2}.Debug|Any CPU.Build.0 = Debug|Any CPU
		{092F5CC6-5759-4F30-BC68-40CA6EB13EE2}.Release|Any CPU.ActiveCfg = Release|Any CPU
		{092F5CC6-5759-4F30-BC68-40CA6EB13EE2}.Release|Any CPU.Build.0 = Release|Any CPU
	EndGlobalSection
	GlobalSection(SolutionProperties) = preSolution
		HideSolutionNode = FALSE
	EndGlobalSection
	GlobalSection(ExtensibilityGlobals) = postSolution
		SolutionGuid = {6C3F0A68-F205-4489-A86D-5783786F7D85}
	EndGlobalSection
EndGlobal
