
Microsoft Visual Studio Solution File, Format Version 12.00
# Visual Studio Version 17
VisualStudioVersion = 17.10.35013.160
MinimumVisualStudioVersion = 10.0.40219.1
Project("{9A19103F-16F7-4668-BE54-9A1E7A4F7556}") = "OOP_classes", "OOP_classes\OOP_classes.csproj", "{6A860157-A1AE-4A09-85B1-B7C4D0F43419}"
EndProject
Project("{FAE04EC0-301F-11D3-BF4B-00C04F79EFBC}") = "ClassLibrary1", "ClassLibrary1\ClassLibrary1.csproj", "{73151355-39EA-4383-A9A4-E39C8E1935A9}"
EndProject
Global
	GlobalSection(SolutionConfigurationPlatforms) = preSolution
		Debug|Any CPU = Debug|Any CPU
		Release|Any CPU = Release|Any CPU
	EndGlobalSection
	GlobalSection(ProjectConfigurationPlatforms) = postSolution
		{6A860157-A1AE-4A09-85B1-B7C4D0F43419}.Debug|Any CPU.ActiveCfg = Debug|Any CPU
		{6A860157-A1AE-4A09-85B1-B7C4D0F43419}.Debug|Any CPU.Build.0 = Debug|Any CPU
		{6A860157-A1AE-4A09-85B1-B7C4D0F43419}.Release|Any CPU.ActiveCfg = Release|Any CPU
		{6A860157-A1AE-4A09-85B1-B7C4D0F43419}.Release|Any CPU.Build.0 = Release|Any CPU
		{73151355-39EA-4383-A9A4-E39C8E1935A9}.Debug|Any CPU.ActiveCfg = Debug|Any CPU
		{73151355-39EA-4383-A9A4-E39C8E1935A9}.Debug|Any CPU.Build.0 = Debug|Any CPU
		{73151355-39EA-4383-A9A4-E39C8E1935A9}.Release|Any CPU.ActiveCfg = Release|Any CPU
		{73151355-39EA-4383-A9A4-E39C8E1935A9}.Release|Any CPU.Build.0 = Release|Any CPU
	EndGlobalSection
	GlobalSection(SolutionProperties) = preSolution
		HideSolutionNode = FALSE
	EndGlobalSection
	GlobalSection(ExtensibilityGlobals) = postSolution
		SolutionGuid = {24E6FA5F-F139-48F3-AD11-6C0486DE94D3}
	EndGlobalSection
EndGlobal
